// !$*UTF8*$!
{
	archiveVersion = 1;
	classes = {
	};
	objectVersion = 46;
	objects = {

/* Begin PBXBuildFile section */
		386856A61EE1C37C00DD9C81 /* AppDelegate.swift in Sources */ = {isa = PBXBuildFile; fileRef = 386856A51EE1C37C00DD9C81 /* AppDelegate.swift */; };
		386856AB1EE1C37C00DD9C81 /* Main.storyboard in Resources */ = {isa = PBXBuildFile; fileRef = 386856A91EE1C37C00DD9C81 /* Main.storyboard */; };
		386856AD1EE1C37C00DD9C81 /* Assets.xcassets in Resources */ = {isa = PBXBuildFile; fileRef = 386856AC1EE1C37C00DD9C81 /* Assets.xcassets */; };
		386856B01EE1C37C00DD9C81 /* LaunchScreen.storyboard in Resources */ = {isa = PBXBuildFile; fileRef = 386856AE1EE1C37C00DD9C81 /* LaunchScreen.storyboard */; };
		386856B81EE1C3DD00DD9C81 /* TableViewController.swift in Sources */ = {isa = PBXBuildFile; fileRef = 386856B71EE1C3DD00DD9C81 /* TableViewController.swift */; };
		386856BA1EE1C47A00DD9C81 /* HiddenView.xib in Resources */ = {isa = PBXBuildFile; fileRef = 386856B91EE1C47A00DD9C81 /* HiddenView.xib */; };
		386856BC1EE1C5EA00DD9C81 /* HiddenView.swift in Sources */ = {isa = PBXBuildFile; fileRef = 386856BB1EE1C5EA00DD9C81 /* HiddenView.swift */; };
/* End PBXBuildFile section */

/* Begin PBXFileReference section */
		386856A21EE1C37C00DD9C81 /* HiddenViewTable.app */ = {isa = PBXFileReference; explicitFileType = wrapper.application; includeInIndex = 0; path = HiddenViewTable.app; sourceTree = BUILT_PRODUCTS_DIR; };
		386856A51EE1C37C00DD9C81 /* AppDelegate.swift */ = {isa = PBXFileReference; lastKnownFileType = sourcecode.swift; path = AppDelegate.swift; sourceTree = "<group>"; };
		386856AA1EE1C37C00DD9C81 /* Base */ = {isa = PBXFileReference; lastKnownFileType = file.storyboard; name = Base; path = Base.lproj/Main.storyboard; sourceTree = "<group>"; };
		386856AC1EE1C37C00DD9C81 /* Assets.xcassets */ = {isa = PBXFileReference; lastKnownFileType = folder.assetcatalog; path = Assets.xcassets; sourceTree = "<group>"; };
		386856AF1EE1C37C00DD9C81 /* Base */ = {isa = PBXFileReference; lastKnownFileType = file.storyboard; name = Base; path = Base.lproj/LaunchScreen.storyboard; sourceTree = "<group>"; };
		386856B11EE1C37C00DD9C81 /* Info.plist */ = {isa = PBXFileReference; lastKnownFileType = text.plist.xml; path = Info.plist; sourceTree = "<group>"; };
		386856B71EE1C3DD00DD9C81 /* TableViewController.swift */ = {isa = PBXFileReference; fileEncoding = 4; lastKnownFileType = sourcecode.swift; path = TableViewController.swift; sourceTree = "<group>"; };
		386856B91EE1C47A00DD9C81 /* HiddenView.xib */ = {isa = PBXFileReference; fileEncoding = 4; lastKnownFileType = file.xib; path = HiddenView.xib; sourceTree = "<group>"; };
		386856BB1EE1C5EA00DD9C81 /* HiddenView.swift */ = {isa = PBXFileReference; fileEncoding = 4; lastKnownFileType = sourcecode.swift; path = HiddenView.swift; sourceTree = "<group>"; };
/* End PBXFileReference section */

/* Begin PBXFrameworksBuildPhase section */
		3868569F1EE1C37C00DD9C81 /* Frameworks */ = {
			isa = PBXFrameworksBuildPhase;
			buildActionMask = 2147483647;
			files = (
			);
			runOnlyForDeploymentPostprocessing = 0;
		};
/* End PBXFrameworksBuildPhase section */

/* Begin PBXGroup section */
		386856991EE1C37C00DD9C81 = {
			isa = PBXGroup;
			children = (
				386856A41EE1C37C00DD9C81 /* HiddenViewTable */,
				386856A31EE1C37C00DD9C81 /* Products */,
			);
			sourceTree = "<group>";
		};
		386856A31EE1C37C00DD9C81 /* Products */ = {
			isa = PBXGroup;
			children = (
				386856A21EE1C37C00DD9C81 /* HiddenViewTable.app */,
			);
			name = Products;
			sourceTree = "<group>";
		};
		386856A41EE1C37C00DD9C81 /* HiddenViewTable */ = {
			isa = PBXGroup;
			children = (
				386856A51EE1C37C00DD9C81 /* AppDelegate.swift */,
				386856B71EE1C3DD00DD9C81 /* TableViewController.swift */,
				386856B91EE1C47A00DD9C81 /* HiddenView.xib */,
				386856BB1EE1C5EA00DD9C81 /* HiddenView.swift */,
				386856A91EE1C37C00DD9C81 /* Main.storyboard */,
				386856AC1EE1C37C00DD9C81 /* Assets.xcassets */,
				386856AE1EE1C37C00DD9C81 /* LaunchScreen.storyboard */,
				386856B11EE1C37C00DD9C81 /* Info.plist */,
			);
			path = HiddenViewTable;
			sourceTree = "<group>";
		};
/* End PBXGroup section */

/* Begin PBXNativeTarget section */
		386856A11EE1C37C00DD9C81 /* HiddenViewTable */ = {
			isa = PBXNativeTarget;
			buildConfigurationList = 386856B41EE1C37C00DD9C81 /* Build configuration list for PBXNativeTarget "HiddenViewTable" */;
			buildPhases = (
				3868569E1EE1C37C00DD9C81 /* Sources */,
				3868569F1EE1C37C00DD9C81 /* Frameworks */,
				386856A01EE1C37C00DD9C81 /* Resources */,
			);
			buildRules = (
			);
			dependencies = (
			);
			name = HiddenViewTable;
			productName = HiddenViewTable;
			productReference = 386856A21EE1C37C00DD9C81 /* HiddenViewTable.app */;
			productType = "com.apple.product-type.application";
		};
/* End PBXNativeTarget section */

/* Begin PBXProject section */
		3868569A1EE1C37C00DD9C81 /* Project object */ = {
			isa = PBXProject;
			attributes = {
				LastSwiftUpdateCheck = 0830;
				LastUpgradeCheck = 0830;
				ORGANIZATIONNAME = Chris;
				TargetAttributes = {
					386856A11EE1C37C00DD9C81 = {
						CreatedOnToolsVersion = 8.3.2;
						DevelopmentTeam = VZ94FR7J35;
						ProvisioningStyle = Automatic;
					};
				};
			};
			buildConfigurationList = 3868569D1EE1C37C00DD9C81 /* Build configuration list for PBXProject "HiddenViewTable" */;
			compatibilityVersion = "Xcode 3.2";
			developmentRegion = English;
			hasScannedForEncodings = 0;
			knownRegions = (
				en,
				Base,
			);
			mainGroup = 386856991EE1C37C00DD9C81;
			productRefGroup = 386856A31EE1C37C00DD9C81 /* Products */;
			projectDirPath = "";
			projectRoot = "";
			targets = (
				386856A11EE1C37C00DD9C81 /* HiddenViewTable */,
			);
		};
/* End PBXProject section */

/* Begin PBXResourcesBuildPhase section */
		386856A01EE1C37C00DD9C81 /* Resources */ = {
			isa = PBXResourcesBuildPhase;
			buildActionMask = 2147483647;
			files = (
				386856BA1EE1C47A00DD9C81 /* HiddenView.xib in Resources */,
				386856B01EE1C37C00DD9C81 /* LaunchScreen.storyboard in Resources */,
				386856AD1EE1C37C00DD9C81 /* Assets.xcassets in Resources */,
				386856AB1EE1C37C00DD9C81 /* Main.storyboard in Resources */,
			);
			runOnlyForDeploymentPostprocessing = 0;
		};
/* End PBXResourcesBuildPhase section */

/* Begin PBXSourcesBuildPhase section */
		3868569E1EE1C37C00DD9C81 /* Sources */ = {
			isa = PBXSourcesBuildPhase;
			buildActionMask = 2147483647;
			files = (
				386856A61EE1C37C00DD9C81 /* AppDelegate.swift in Sources */,
				386856BC1EE1C5EA00DD9C81 /* HiddenView.swift in Sources */,
				386856B81EE1C3DD00DD9C81 /* TableViewController.swift in Sources */,
			);
			runOnlyForDeploymentPostprocessing = 0;
		};
/* End PBXSourcesBuildPhase section */

/* Begin PBXVariantGroup section */
		386856A91EE1C37C00DD9C81 /* Main.storyboard */ = {
			isa = PBXVariantGroup;
			children = (
				386856AA1EE1C37C00DD9C81 /* Base */,
			);
			name = Main.storyboard;
			sourceTree = "<group>";
		};
		386856AE1EE1C37C00DD9C81 /* LaunchScreen.storyboard */ = {
			isa = PBXVariantGroup;
			children = (
				386856AF1EE1C37C00DD9C81 /* Base */,
			);
			name = LaunchScreen.storyboard;
			sourceTree = "<group>";
		};
/* End PBXVariantGroup section */

/* Begin XCBuildConfiguration section */
		386856B21EE1C37C00DD9C81 /* Debug */ = {
			isa = XCBuildConfiguration;
			buildSettings = {
				ALWAYS_SEARCH_USER_PATHS = NO;
				CLANG_ANALYZER_NONNULL = YES;
				CLANG_ANALYZER_NUMBER_OBJECT_CONVERSION = YES_AGGRESSIVE;
				CLANG_CXX_LANGUAGE_STANDARD = "gnu++0x";
				CLANG_CXX_LIBRARY = "libc++";
				CLANG_ENABLE_MODULES = YES;
				CLANG_ENABLE_OBJC_ARC = YES;
				CLANG_WARN_BOOL_CONVERSION = YES;
				CLANG_WARN_CONSTANT_CONVERSION = YES;
				CLANG_WARN_DIRECT_OBJC_ISA_USAGE = YES_ERROR;
				CLANG_WARN_DOCUMENTATION_COMMENTS = YES;
				CLANG_WARN_EMPTY_BODY = YES;
				CLANG_WARN_ENUM_CONVERSION = YES;
				CLANG_WARN_INFINITE_RECURSION = YES;
				CLANG_WARN_INT_CONVERSION = YES;
				CLANG_WARN_OBJC_ROOT_CLASS = YES_ERROR;
				CLANG_WARN_SUSPICIOUS_MOVE = YES;
				CLANG_WARN_UNREACHABLE_CODE = YES;
				CLANG_WARN__DUPLICATE_METHOD_MATCH = YES;
				"CODE_SIGN_IDENTITY[sdk=iphoneos*]" = "iPhone Developer";
				COPY_PHASE_STRIP = NO;
				DEBUG_INFORMATION_FORMAT = dwarf;
				ENABLE_STRICT_OBJC_MSGSEND = YES;
				ENABLE_TESTABILITY = YES;
				GCC_C_LANGUAGE_STANDARD = gnu99;
				GCC_DYNAMIC_NO_PIC = NO;
				GCC_NO_COMMON_BLOCKS = YES;
				GCC_OPTIMIZATION_LEVEL = 0;
				GCC_PREPROCESSOR_DEFINITIONS = (
					"DEBUG=1",
					"$(inherited)",
				);
				GCC_WARN_64_TO_32_BIT_CONVERSION = YES;
				GCC_WARN_ABOUT_RETURN_TYPE = YES_ERROR;
				GCC_WARN_UNDECLARED_SELECTOR = YES;
				GCC_WARN_UNINITIALIZED_AUTOS = YES_AGGRESSIVE;
				GCC_WARN_UNUSED_FUNCTION = YES;
				GCC_WARN_UNUSED_VARIABLE = YES;
				IPHONEOS_DEPLOYMENT_TARGET = 10.3;
				MTL_ENABLE_DEBUG_INFO = YES;
				ONLY_ACTIVE_ARCH = YES;
				SDKROOT = iphoneos;
				SWIFT_ACTIVE_COMPILATION_CONDITIONS = DEBUG;
				SWIFT_OPTIMIZATION_LEVEL = "-Onone";
			};
			name = Debug;
		};
		386856B31EE1C37C00DD9C81 /* Release */ = {
			isa = XCBuildConfiguration;
			buildSettings = {
				ALWAYS_SEARCH_USER_PATHS = NO;
				CLANG_ANALYZER_NONNULL = YES;
				CLANG_ANALYZER_NUMBER_OBJECT_CONVERSION = YES_AGGRESSIVE;
				CLANG_CXX_LANGUAGE_STANDARD = "gnu++0x";
				CLANG_CXX_LIBRARY = "libc++";
				CLANG_ENABLE_MODULES = YES;
				CLANG_ENABLE_OBJC_ARC = YES;
				CLANG_WARN_BOOL_CONVERSION = YES;
				CLANG_WARN_CONSTANT_CONVERSION = YES;
				CLANG_WARN_DIRECT_OBJC_ISA_USAGE = YES_ERROR;
				CLANG_WARN_DOCUMENTATION_COMMENTS = YES;
				CLANG_WARN_EMPTY_BODY = YES;
				CLANG_WARN_ENUM_CONVERSION = YES;
				CLANG_WARN_INFINITE_RECURSION = YES;
				CLANG_WARN_INT_CONVERSION = YES;
				CLANG_WARN_OBJC_ROOT_CLASS = YES_ERROR;
				CLANG_WARN_SUSPICIOUS_MOVE = YES;
				CLANG_WARN_UNREACHABLE_CODE = YES;
				CLANG_WARN__DUPLICATE_METHOD_MATCH = YES;
				"CODE_SIGN_IDENTITY[sdk=iphoneos*]" = "iPhone Developer";
				COPY_PHASE_STRIP = NO;
				DEBUG_INFORMATION_FORMAT = "dwarf-with-dsym";
				ENABLE_NS_ASSERTIONS = NO;
				ENABLE_STRICT_OBJC_MSGSEND = YES;
				GCC_C_LANGUAGE_STANDARD = gnu99;
				GCC_NO_COMMON_BLOCKS = YES;
				GCC_WARN_64_TO_32_BIT_CONVERSION = YES;
				GCC_WARN_ABOUT_RETURN_TYPE = YES_ERROR;
				GCC_WARN_UNDECLARED_SELECTOR = YES;
				GCC_WARN_UNINITIALIZED_AUTOS = YES_AGGRESSIVE;
				GCC_WARN_UNUSED_FUNCTION = YES;
				GCC_WARN_UNUSED_VARIABLE = YES;
				IPHONEOS_DEPLOYMENT_TARGET = 10.3;
				MTL_ENABLE_DEBUG_INFO = NO;
				SDKROOT = iphoneos;
				SWIFT_OPTIMIZATION_LEVEL = "-Owholemodule";
				VALIDATE_PRODUCT = YES;
			};
			name = Release;
		};
		386856B51EE1C37C00DD9C81 /* Debug */ = {
			isa = XCBuildConfiguration;
			buildSettings = {
				ASSETCATALOG_COMPILER_APPICON_NAME = AppIcon;
				DEVELOPMENT_TEAM = VZ94FR7J35;
				INFOPLIST_FILE = HiddenViewTable/Info.plist;
				IPHONEOS_DEPLOYMENT_TARGET = 9.0;
				LD_RUNPATH_SEARCH_PATHS = "$(inherited) @executable_path/Frameworks";
				PRODUCT_BUNDLE_IDENTIFIER = com.codedollop.HiddenViewTable;
				PRODUCT_NAME = "$(TARGET_NAME)";
				SWIFT_VERSION = 3.0;
			};
			name = Debug;
		};
		386856B61EE1C37C00DD9C81 /* Release */ = {
			isa = XCBuildConfiguration;
			buildSettings = {
				ASSETCATALOG_COMPILER_APPICON_NAME = AppIcon;
				DEVELOPMENT_TEAM = VZ94FR7J35;
				INFOPLIST_FILE = HiddenViewTable/Info.plist;
				IPHONEOS_DEPLOYMENT_TARGET = 9.0;
				LD_RUNPATH_SEARCH_PATHS = "$(inherited) @executable_path/Frameworks";
				PRODUCT_BUNDLE_IDENTIFIER = com.codedollop.HiddenViewTable;
				PRODUCT_NAME = "$(TARGET_NAME)";
				SWIFT_VERSION = 3.0;
			};
			name = Release;
		};
/* End XCBuildConfiguration section */

/* Begin XCConfigurationList section */
		3868569D1EE1C37C00DD9C81 /* Build configuration list for PBXProject "HiddenViewTable" */ = {
			isa = XCConfigurationList;
			buildConfigurations = (
				386856B21EE1C37C00DD9C81 /* Debug */,
				386856B31EE1C37C00DD9C81 /* Release */,
			);
			defaultConfigurationIsVisible = 0;
			defaultConfigurationName = Release;
		};
		386856B41EE1C37C00DD9C81 /* Build configuration list for PBXNativeTarget "HiddenViewTable" */ = {
			isa = XCConfigurationList;
			buildConfigurations = (
				386856B51EE1C37C00DD9C81 /* Debug */,
				386856B61EE1C37C00DD9C81 /* Release */,
			);
			defaultConfigurationIsVisible = 0;
		};
/* End XCConfigurationList section */
	};
	rootObject = 3868569A1EE1C37C00DD9C81 /* Project object */;
}
